
Microsoft Visual Studio Solution File, Format Version 12.00
# Visual Studio 15
VisualStudioVersion = 15.0.28307.1758
MinimumVisualStudioVersion = 10.0.40219.1
Project("{FAE04EC0-301F-11D3-BF4B-00C04F79EFBC}") = "Salary", "Salary\Salary.csproj", "{F908E11B-5F5E-4C4F-9B5E-EADEAEF99366}"
EndProject
Global
	GlobalSection(SolutionConfigurationPlatforms) = preSolution
		Debug|Any CPU = Debug|Any CPU
		Release|Any CPU = Release|Any CPU
	EndGlobalSection
	GlobalSection(ProjectConfigurationPlatforms) = postSolution
		{F908E11B-5F5E-4C4F-9B5E-EADEAEF99366}.Debug|Any CPU.ActiveCfg = Debug|Any CPU
		{F908E11B-5F5E-4C4F-9B5E-EADEAEF99366}.Debug|Any CPU.Build.0 = Debug|Any CPU
		{F908E11B-5F5E-4C4F-9B5E-EADEAEF99366}.Release|Any CPU.ActiveCfg = Release|Any CPU
		{F908E11B-5F5E-4C4F-9B5E-EADEAEF99366}.Release|Any CPU.Build.0 = Release|Any CPU
	EndGlobalSection
	GlobalSection(SolutionProperties) = preSolution
		HideSolutionNode = FALSE
	EndGlobalSection
	GlobalSection(ExtensibilityGlobals) = postSolution
		SolutionGuid = {48AF55B1-A6DF-477F-BC32-548DB27C1E56}
	EndGlobalSection
EndGlobal
